# This file is autogenerated, do not edit; changes may be undone by the next 'dep ensure'.


[[projects]]
  digest = "1:660af934d331e79d29317ffd5c76fceedaa1249167b1ee461d284c58d53291c6"
  name = "github.com/coreos/etcd"
  packages = [
    "auth/authpb",
    "etcdserver/etcdserverpb",
    "mvcc/mvccpb",
  ]
  pruneopts = "UT"
  revision = "98d308426819d892e149fe45f6fd542464cb1f9d"
  version = "v3.3.13"

[[projects]]
  digest = "1:ffe9824d294da03b391f44e1ae8281281b4afc1bdaa9588c9097785e3af10cec"
  name = "github.com/davecgh/go-spew"
  packages = ["spew"]
  pruneopts = "UT"
  revision = "8991bc29aa16c548c550c7ff78260e27b9ab7c73"
  version = "v1.1.1"

[[projects]]
  digest = "1:76dc72490af7174349349838f2fe118996381b31ea83243812a97e5a0fd5ed55"
  name = "github.com/dgrijalva/jwt-go"
  packages = ["."]
  pruneopts = "UT"
  revision = "06ea1031745cb8b3dab3f6a236daf2b0aa468b7e"
  version = "v3.2.0"

[[projects]]
  digest = "1:9d5bd7c02a73959247ccbf524180e363631ece23c58e12b21d697f4741c7926f"
  name = "github.com/echlebek/timeproxy"
  packages = ["."]
  pruneopts = "UT"
  revision = "d7c2918981322d4d437f7a52f3a15c7ec5a4f488"
  version = "v1.0.0"

[[projects]]
  digest = "1:4652941215f23c7ad6546bab86964c72248a1134baa53f0df618661344ba5cac"
  name = "github.com/gogo/protobuf"
  packages = [
    "gogoproto",
    "proto",
    "protoc-gen-gogo/descriptor",
  ]
  pruneopts = "UT"
  revision = "ba06b47c162d49f2af050fb4c75bcbc86a159d5c"
  version = "v1.2.1"

[[projects]]
  digest = "1:239c4c7fd2159585454003d9be7207167970194216193a8a210b8d29576f19c9"
  name = "github.com/golang/protobuf"
  packages = [
    "proto",
    "ptypes",
    "ptypes/any",
    "ptypes/duration",
    "ptypes/timestamp",
  ]
  pruneopts = "UT"
  revision = "b5d812f8a3706043e23a9cd5babf2e5423744d30"
  version = "v1.3.1"

[[projects]]
  digest = "1:870d441fe217b8e689d7949fef6e43efbc787e50f200cb1e70dbca9204a1d6be"
  name = "github.com/inconshreveable/mousetrap"
  packages = ["."]
  pruneopts = "UT"
  revision = "76626ae9c91c4f2a10f34cad8ce83ea42c93bb75"
  version = "v1.0"

[[projects]]
  digest = "1:718c57979a9197414a044fff2028e57cb9fe145069e4f507059755bfe87f1bfe"
  name = "github.com/influxdata/influxdb"
  packages = [
    "client/v2",
    "models",
    "pkg/escape",
  ]
  pruneopts = "UT"
  revision = "76f907b0fada2f16931e37471da695349fcdf8c6"
  version = "v1.7.2"

[[projects]]
  branch = "master"
  digest = "1:937258f1293bc9295b4789b0abea5b4ec030e3caecb65a4e1dc0b6999957a5ed"
  name = "github.com/influxdata/platform"
  packages = [
    "models",
    "pkg/escape",
  ]
  pruneopts = "UT"
  revision = "c51d92363ec2fe2a5f67f01281f8b91b6c0fbb06"

[[projects]]
  digest = "1:1ed5ad32e321bd35d51e30dbbccab9d226ac290347838d03362b427459036a91"
  name = "github.com/json-iterator/go"
  packages = ["."]
  pruneopts = "UT"
  revision = "f7279a603edee96fe7764d3de9c6ff8cf9970994"

[[projects]]
  digest = "1:0028cb19b2e4c3112225cd871870f2d9cf49b9b4276531f03438a88e94be86fe"
  name = "github.com/pmezard/go-difflib"
  packages = ["difflib"]
  pruneopts = "UT"
  revision = "792786c7400a136282c1664665ae0a8db921c6c2"
  version = "v1.0.0"

[[projects]]
  branch = "master"
  digest = "1:dbfe572cc258e5bcf54cb650a06d90edd0da04e42ca1ed909cc1d49f00011c63"
  name = "github.com/robertkrimen/otto"
  packages = [
    ".",
    "ast",
    "dbg",
    "file",
    "parser",
    "registry",
    "token",
  ]
  pruneopts = "UT"
  revision = "15f95af6e78dcd2030d8195a138bd88d4f403546"

[[projects]]
  digest = "1:bffc9efe1d7783f54cb0003b57cb3c8fe49f56beb9859cf122be97504e854666"
  name = "github.com/robfig/cron"
  packages = ["."]
  pruneopts = "UT"
  revision = "2315d5715e36303a941d907f038da7f7c44c773b"

[[projects]]
  digest = "1:be364f871284e2e8f787235fe31d904cf9958f64b7b06fd52f97bf9af2672f91"
  name = "github.com/sensu/sensu-go"
  packages = [
    "api/core/v2",
    "js",
    "types",
    "util/strings",
  ]
  pruneopts = "UT"
  revision = "32aea478ae74c3753710887d2ce2556b598d82bb"
  version = "5.7.0"

[[projects]]
  digest = "1:8cd72fbcf8f18cf753ca9c40723eaef3356e166437f33d219d977581b7024d14"
  name = "github.com/sensu/sensu-plugins-go-library"
  packages = [
    "args",
    "sensu",
  ]
  pruneopts = "UT"
  revision = "a4d9fcd58e069a1c9e51984b9f4b466accd366c8"
  version = "0.2.0"

[[projects]]
  digest = "1:645cabccbb4fa8aab25a956cbcbdf6a6845ca736b2c64e197ca7cbb9d210b939"
  name = "github.com/spf13/cobra"
  packages = ["."]
  pruneopts = "UT"
  revision = "ef82de70bb3f60c65fb8eebacbb2d122ef517385"
  version = "v0.0.3"

[[projects]]
  digest = "1:c1b1102241e7f645bc8e0c22ae352e8f0dc6484b6cb4d132fa9f24174e0119e2"
  name = "github.com/spf13/pflag"
  packages = ["."]
  pruneopts = "UT"
  revision = "298182f68c66c05229eb03ac171abe6e309ee79a"
  version = "v1.0.3"

[[projects]]
  digest = "1:c40d65817cdd41fac9aa7af8bed56927bb2d6d47e4fea566a74880f5c2b1c41e"
  name = "github.com/stretchr/testify"
  packages = [
    "assert",
    "require",
  ]
  pruneopts = "UT"
  revision = "f35b8ab0b5a2cef36673838d662e249dd9c94686"
  version = "v1.2.2"

[[projects]]
  branch = "master"
  digest = "1:aa51a5bed0c7c26aadfcc5bf5b2b62c0f43032af5d786a02247f87dfce23cb06"
  name = "golang.org/x/net"
  packages = [
    "context",
    "http/httpguts",
    "http2",
    "http2/hpack",
    "idna",
    "internal/timeseries",
    "trace",
  ]
  pruneopts = "UT"
  revision = "3ec19112720433827bbce8be9342797f5a6aaaf9"

[[projects]]
  branch = "master"
  digest = "1:3851a6d548ec5a808e396408f03a30b8d05ef4426db7ad8688f639b2d88b47bd"
  name = "golang.org/x/sys"
  packages = ["unix"]
  pruneopts = "UT"
  revision = "61b9204099cb1bebc803c9ffb9b2d3acd9d457d9"

[[projects]]
  digest = "1:8d8faad6b12a3a4c819a3f9618cb6ee1fa1cfc33253abeeea8b55336721e3405"
  name = "golang.org/x/text"
  packages = [
    "collate",
    "collate/build",
    "internal/colltab",
    "internal/gen",
    "internal/language",
    "internal/language/compact",
    "internal/tag",
    "internal/triegen",
    "internal/ucd",
    "language",
    "secure/bidirule",
    "transform",
    "unicode/bidi",
    "unicode/cldr",
    "unicode/norm",
    "unicode/rangetable",
  ]
  pruneopts = "UT"
  revision = "342b2e1fbaa52c93f31447ad2c6abc048c63e475"
  version = "v0.3.2"

[[projects]]
  branch = "master"
  digest = "1:583a0c80f5e3a9343d33aea4aead1e1afcc0043db66fdf961ddd1fe8cd3a4faf"
  name = "google.golang.org/genproto"
  packages = ["googleapis/rpc/status"]
  pruneopts = "UT"
  revision = "bb713bdc0e5239f2b68e560efbe1c701a6fe78f9"

[[projects]]
  digest = "1:707c3a5d10ed430ea767d73df122d9eb3dfb6312bbacc9f2e39204390686d1d0"
  name = "google.golang.org/grpc"
  packages = [
    ".",
    "balancer",
    "balancer/base",
    "balancer/roundrobin",
    "binarylog/grpc_binarylog_v1",
    "codes",
    "connectivity",
    "credentials",
    "credentials/internal",
    "encoding",
    "encoding/proto",
    "grpclog",
    "internal",
    "internal/backoff",
    "internal/balancerload",
    "internal/binarylog",
    "internal/channelz",
    "internal/envconfig",
    "internal/grpcrand",
    "internal/grpcsync",
    "internal/syscall",
    "internal/transport",
    "keepalive",
    "metadata",
    "naming",
    "peer",
    "resolver",
    "resolver/dns",
    "resolver/passthrough",
    "stats",
    "status",
    "tap",
  ]
  pruneopts = "UT"
  revision = "25c4f928eaa6d96443009bd842389fb4fa48664e"
  version = "v1.20.1"

[[projects]]
  digest = "1:9935525a8c49b8434a0b0a54e1980e94a6fae73aaff45c5d33ba8dff69de123e"
  name = "gopkg.in/sourcemap.v1"
  packages = [
    ".",
    "base64vlq",
  ]
  pruneopts = "UT"
  revision = "6e83acea0053641eff084973fee085f0c193c61a"
  version = "v1.0.5"

[solve-meta]
  analyzer-name = "dep"
  analyzer-version = 1
  input-imports = [
    "github.com/influxdata/influxdb/client/v2",
    "github.com/sensu/sensu-go/types",
    "github.com/sensu/sensu-plugins-go-library/sensu",
    "github.com/stretchr/testify/assert",
    "github.com/stretchr/testify/require",
  ]
  solver-name = "gps-cdcl"
  solver-version = 1
